
Microsoft Visual Studio Solution File, Format Version 12.00
# Visual Studio 14
VisualStudioVersion = 14.0.25420.1
MinimumVisualStudioVersion = 10.0.40219.1
Project("{8BC9CEB8-8B4A-11D0-8D11-00A0C91BC942}") = "Function", "Function\Function.vcxproj", "{38B76D57-F231-406D-B153-98C3B6AE17C8}"
EndProject
Project("{8BC9CEB8-8B4A-11D0-8D11-00A0C91BC942}") = "CallFunc", "CallFunc\CallFunc.vcxproj", "{F21A90B8-E0ED-43C4-8A5F-DDE85DC75EBA}"
EndProject
Global
	GlobalSection(SolutionConfigurationPlatforms) = preSolution
		Debug|x64 = Debug|x64
		Debug|x86 = Debug|x86
		Release|x64 = Release|x64
		Release|x86 = Release|x86
	EndGlobalSection
	GlobalSection(ProjectConfigurationPlatforms) = postSolution
		{38B76D57-F231-406D-B153-98C3B6AE17C8}.Debug|x64.ActiveCfg = Debug|x64
		{38B76D57-F231-406D-B153-98C3B6AE17C8}.Debug|x64.Build.0 = Debug|x64
		{38B76D57-F231-406D-B153-98C3B6AE17C8}.Debug|x86.ActiveCfg = Debug|Win32
		{38B76D57-F231-406D-B153-98C3B6AE17C8}.Debug|x86.Build.0 = Debug|Win32
		{38B76D57-F231-406D-B153-98C3B6AE17C8}.Release|x64.ActiveCfg = Release|x64
		{38B76D57-F231-406D-B153-98C3B6AE17C8}.Release|x64.Build.0 = Release|x64
		{38B76D57-F231-406D-B153-98C3B6AE17C8}.Release|x86.ActiveCfg = Release|Win32
		{38B76D57-F231-406D-B153-98C3B6AE17C8}.Release|x86.Build.0 = Release|Win32
		{F21A90B8-E0ED-43C4-8A5F-DDE85DC75EBA}.Debug|x64.ActiveCfg = Debug|x64
		{F21A90B8-E0ED-43C4-8A5F-DDE85DC75EBA}.Debug|x64.Build.0 = Debug|x64
		{F21A90B8-E0ED-43C4-8A5F-DDE85DC75EBA}.Debug|x86.ActiveCfg = Debug|Win32
		{F21A90B8-E0ED-43C4-8A5F-DDE85DC75EBA}.Debug|x86.Build.0 = Debug|Win32
		{F21A90B8-E0ED-43C4-8A5F-DDE85DC75EBA}.Release|x64.ActiveCfg = Release|x64
		{F21A90B8-E0ED-43C4-8A5F-DDE85DC75EBA}.Release|x64.Build.0 = Release|x64
		{F21A90B8-E0ED-43C4-8A5F-DDE85DC75EBA}.Release|x86.ActiveCfg = Release|Win32
		{F21A90B8-E0ED-43C4-8A5F-DDE85DC75EBA}.Release|x86.Build.0 = Release|Win32
	EndGlobalSection
	GlobalSection(SolutionProperties) = preSolution
		HideSolutionNode = FALSE
	EndGlobalSection
EndGlobal
